
Microsoft Visual Studio Solution File, Format Version 11.00
# Visual Studio 2010
Project("{FAE04EC0-301F-11D3-BF4B-00C04F79EFBC}") = "Proyecto de Las Aventuras de Yoni", "Assembly-CSharp-firstpass.csproj", "{AC37D673-A37F-6F7E-BE56-862758056285}"
EndProject
Project("{FAE04EC0-301F-11D3-BF4B-00C04F79EFBC}") = "Proyecto de Las Aventuras de Yoni", "Assembly-CSharp.csproj", "{A926860C-6816-D758-3AF8-38ADD831A993}"
EndProject
Project("{FAE04EC0-301F-11D3-BF4B-00C04F79EFBC}") = "Proyecto de Las Aventuras de Yoni", "Assembly-CSharp-Editor-firstpass.csproj", "{34CA97FF-FB22-CEF4-792E-DE3B29905962}"
EndProject
Global
	GlobalSection(SolutionConfigurationPlatforms) = preSolution
		Debug|Any CPU = Debug|Any CPU
		Release|Any CPU = Release|Any CPU
	EndGlobalSection
	GlobalSection(ProjectConfigurationPlatforms) = postSolution
		{AC37D673-A37F-6F7E-BE56-862758056285}.Debug|Any CPU.ActiveCfg = Debug|Any CPU
		{AC37D673-A37F-6F7E-BE56-862758056285}.Debug|Any CPU.Build.0 = Debug|Any CPU
		{AC37D673-A37F-6F7E-BE56-862758056285}.Release|Any CPU.ActiveCfg = Release|Any CPU
		{AC37D673-A37F-6F7E-BE56-862758056285}.Release|Any CPU.Build.0 = Release|Any CPU
		{A926860C-6816-D758-3AF8-38ADD831A993}.Debug|Any CPU.ActiveCfg = Debug|Any CPU
		{A926860C-6816-D758-3AF8-38ADD831A993}.Debug|Any CPU.Build.0 = Debug|Any CPU
		{A926860C-6816-D758-3AF8-38ADD831A993}.Release|Any CPU.ActiveCfg = Release|Any CPU
		{A926860C-6816-D758-3AF8-38ADD831A993}.Release|Any CPU.Build.0 = Release|Any CPU
		{34CA97FF-FB22-CEF4-792E-DE3B29905962}.Debug|Any CPU.ActiveCfg = Debug|Any CPU
		{34CA97FF-FB22-CEF4-792E-DE3B29905962}.Debug|Any CPU.Build.0 = Debug|Any CPU
		{34CA97FF-FB22-CEF4-792E-DE3B29905962}.Release|Any CPU.ActiveCfg = Release|Any CPU
		{34CA97FF-FB22-CEF4-792E-DE3B29905962}.Release|Any CPU.Build.0 = Release|Any CPU
	EndGlobalSection
	GlobalSection(SolutionProperties) = preSolution
		HideSolutionNode = FALSE
	EndGlobalSection
	GlobalSection(MonoDevelopProperties) = preSolution
		StartupItem = Assembly-CSharp.csproj
	EndGlobalSection
EndGlobal
